
Microsoft Visual Studio Solution File, Format Version 12.00
# Visual Studio 15
VisualStudioVersion = 15.0.27130.2036
MinimumVisualStudioVersion = 10.0.40219.1
Project("{FAE04EC0-301F-11D3-BF4B-00C04F79EFBC}") = "CinemaScreen", "CinemaScreen\CinemaScreen.csproj", "{96D0C451-3F91-4F72-B280-A114C3525A99}"
EndProject
Global
	GlobalSection(SolutionConfigurationPlatforms) = preSolution
		Debug|Any CPU = Debug|Any CPU
		Release|Any CPU = Release|Any CPU
	EndGlobalSection
	GlobalSection(ProjectConfigurationPlatforms) = postSolution
		{96D0C451-3F91-4F72-B280-A114C3525A99}.Debug|Any CPU.ActiveCfg = Debug|Any CPU
		{96D0C451-3F91-4F72-B280-A114C3525A99}.Debug|Any CPU.Build.0 = Debug|Any CPU
		{96D0C451-3F91-4F72-B280-A114C3525A99}.Release|Any CPU.ActiveCfg = Release|Any CPU
		{96D0C451-3F91-4F72-B280-A114C3525A99}.Release|Any CPU.Build.0 = Release|Any CPU
	EndGlobalSection
	GlobalSection(SolutionProperties) = preSolution
		HideSolutionNode = FALSE
	EndGlobalSection
	GlobalSection(ExtensibilityGlobals) = postSolution
		SolutionGuid = {A54FCE57-3C3E-495E-9234-D22D5D8BE928}
	EndGlobalSection
EndGlobal
